<?xml version="1.0" encoding="utf-8"?>
<Project ToolsVersion="15.0" xmlns="http://schemas.microsoft.com/developer/msbuild/2003">
  <ItemGroup>
    <ClCompile Include="C:\dev\ttt\The-Modern-Cpp-Challenge\libs\ZipLib\extlibs\zlib\adler32.c">
      <Filter>Source Files</Filter>
    </ClCompile>
    <ClCompile Include="C:\dev\ttt\The-Modern-Cpp-Challenge\libs\ZipLib\extlibs\zlib\compress.c">
      <Filter>Source Files</Filter>
    </ClCompile>
    <ClCompile Include="C:\dev\ttt\The-Modern-Cpp-Challenge\libs\ZipLib\extlibs\zlib\crc32.c">
      <Filter>Source Files</Filter>
    </ClCompile>
    <ClCompile Include="C:\dev\ttt\The-Modern-Cpp-Challenge\libs\ZipLib\extlibs\zlib\deflate.c">
      <Filter>Source Files</Filter>
    </ClCompile>
    <ClCompile Include="C:\dev\ttt\The-Modern-Cpp-Challenge\libs\ZipLib\extlibs\zlib\infback.c">
      <Filter>Source Files</Filter>
    </ClCompile>
    <ClCompile Include="C:\dev\ttt\The-Modern-Cpp-Challenge\libs\ZipLib\extlibs\zlib\inffast.c">
      <Filter>Source Files</Filter>
    </ClCompile>
    <ClCompile Include="C:\dev\ttt\The-Modern-Cpp-Challenge\libs\ZipLib\extlibs\zlib\inflate.c">
      <Filter>Source Files</Filter>
    </ClCompile>
    <ClCompile Include="C:\dev\ttt\The-Modern-Cpp-Challenge\libs\ZipLib\extlibs\zlib\inftrees.c">
      <Filter>Source Files</Filter>
    </ClCompile>
    <ClCompile Include="C:\dev\ttt\The-Modern-Cpp-Challenge\libs\ZipLib\extlibs\zlib\trees.c">
      <Filter>Source Files</Filter>
    </ClCompile>
    <ClCompile Include="C:\dev\ttt\The-Modern-Cpp-Challenge\libs\ZipLib\extlibs\zlib\uncompr.c">
      <Filter>Source Files</Filter>
    </ClCompile>
    <ClCompile Include="C:\dev\ttt\The-Modern-Cpp-Challenge\libs\ZipLib\extlibs\zlib\zutil.c">
      <Filter>Source Files</Filter>
    </ClCompile>
  </ItemGroup>
  <ItemGroup>
    <ClInclude Include="C:\dev\ttt\The-Modern-Cpp-Challenge\libs\ZipLib\extlibs\zlib\crc32.h">
      <Filter>Header Files</Filter>
    </ClInclude>
    <ClInclude Include="C:\dev\ttt\The-Modern-Cpp-Challenge\libs\ZipLib\extlibs\zlib\deflate.h">
      <Filter>Header Files</Filter>
    </ClInclude>
    <ClInclude Include="C:\dev\ttt\The-Modern-Cpp-Challenge\libs\ZipLib\extlibs\zlib\gzguts.h">
      <Filter>Header Files</Filter>
    </ClInclude>
    <ClInclude Include="C:\dev\ttt\The-Modern-Cpp-Challenge\libs\ZipLib\extlibs\zlib\inffast.h">
      <Filter>Header Files</Filter>
    </ClInclude>
    <ClInclude Include="C:\dev\ttt\The-Modern-Cpp-Challenge\libs\ZipLib\extlibs\zlib\inffixed.h">
      <Filter>Header Files</Filter>
    </ClInclude>
    <ClInclude Include="C:\dev\ttt\The-Modern-Cpp-Challenge\libs\ZipLib\extlibs\zlib\inflate.h">
      <Filter>Header Files</Filter>
    </ClInclude>
    <ClInclude Include="C:\dev\ttt\The-Modern-Cpp-Challenge\libs\ZipLib\extlibs\zlib\inftrees.h">
      <Filter>Header Files</Filter>
    </ClInclude>
    <ClInclude Include="C:\dev\ttt\The-Modern-Cpp-Challenge\libs\ZipLib\extlibs\zlib\trees.h">
      <Filter>Header Files</Filter>
    </ClInclude>
    <ClInclude Include="C:\dev\ttt\The-Modern-Cpp-Challenge\libs\ZipLib\extlibs\zlib\zconf.h">
      <Filter>Header Files</Filter>
    </ClInclude>
    <ClInclude Include="C:\dev\ttt\The-Modern-Cpp-Challenge\libs\ZipLib\extlibs\zlib\zlib.h">
      <Filter>Header Files</Filter>
    </ClInclude>
    <ClInclude Include="C:\dev\ttt\The-Modern-Cpp-Challenge\libs\ZipLib\extlibs\zlib\zutil.h">
      <Filter>Header Files</Filter>
    </ClInclude>
  </ItemGroup>
  <ItemGroup>
    <CustomBuild Include="C:\dev\ttt\The-Modern-Cpp-Challenge\libs\ZipLib\extlibs\zlib\CMakeLists.txt" />
  </ItemGroup>
  <ItemGroup>
    <Filter Include="Header Files">
      <UniqueIdentifier>{DF76371D-83DE-303E-AF6D-8205CF60FF7D}</UniqueIdentifier>
    </Filter>
    <Filter Include="Source Files">
      <UniqueIdentifier>{3CCE3BC7-B66C-3A37-8B2C-2EF5B3FEE07B}</UniqueIdentifier>
    </Filter>
  </ItemGroup>
</Project>
