Microsoft Visual Studio Solution File, Format Version 12.00
# Visual Studio 15
Project("{2150E333-8FDC-42A3-9474-1A3956D46DE8}") = "00.Libs", "00.Libs", "{63483AE3-946A-3636-8DF0-546696E63732}"
EndProject
Project("{2150E333-8FDC-42A3-9474-1A3956D46DE8}") = "CMakePredefinedTargets", "CMakePredefinedTargets", "{745D1EF5-2C54-3F25-B2DA-96DB1FC5533C}"
EndProject
Project("{8BC9CEB8-8B4A-11D0-8D11-00A0C91BC942}") = "ALL_BUILD", "ALL_BUILD.vcxproj", "{E4B6E54F-461E-3FF8-8A2A-E2F7F253E0FE}"
	ProjectSection(ProjectDependencies) = postProject
		{5FE2B2D8-0227-35AF-8BC6-440176D05595} = {5FE2B2D8-0227-35AF-8BC6-440176D05595}
		{DFA87B6F-CF3E-3DB6-A62B-643C01577C4D} = {DFA87B6F-CF3E-3DB6-A62B-643C01577C4D}
	EndProjectSection
EndProject
Project("{8BC9CEB8-8B4A-11D0-8D11-00A0C91BC942}") = "FreeType", "..\FreeType\FreeType.vcxproj", "{C1239663-7BE0-3044-97EC-8D5858688073}"
	ProjectSection(ProjectDependencies) = postProject
		{DFA87B6F-CF3E-3DB6-A62B-643C01577C4D} = {DFA87B6F-CF3E-3DB6-A62B-643C01577C4D}
	EndProjectSection
EndProject
Project("{8BC9CEB8-8B4A-11D0-8D11-00A0C91BC942}") = "INSTALL", "INSTALL.vcxproj", "{EE6F2C7C-03EF-347C-9E21-F13FA8656454}"
	ProjectSection(ProjectDependencies) = postProject
		{E4B6E54F-461E-3FF8-8A2A-E2F7F253E0FE} = {E4B6E54F-461E-3FF8-8A2A-E2F7F253E0FE}
		{DFA87B6F-CF3E-3DB6-A62B-643C01577C4D} = {DFA87B6F-CF3E-3DB6-A62B-643C01577C4D}
	EndProjectSection
EndProject
Project("{8BC9CEB8-8B4A-11D0-8D11-00A0C91BC942}") = "LibAesgm", "..\LibAesgm\LibAesgm.vcxproj", "{A5D190FD-D601-39D5-925D-0DBF31752A1A}"
	ProjectSection(ProjectDependencies) = postProject
		{DFA87B6F-CF3E-3DB6-A62B-643C01577C4D} = {DFA87B6F-CF3E-3DB6-A62B-643C01577C4D}
	EndProjectSection
EndProject
Project("{8BC9CEB8-8B4A-11D0-8D11-00A0C91BC942}") = "LibJpeg", "..\LibJpeg\LibJpeg.vcxproj", "{9908DF2B-06BA-3011-9551-E1864991F54E}"
	ProjectSection(ProjectDependencies) = postProject
		{DFA87B6F-CF3E-3DB6-A62B-643C01577C4D} = {DFA87B6F-CF3E-3DB6-A62B-643C01577C4D}
	EndProjectSection
EndProject
Project("{8BC9CEB8-8B4A-11D0-8D11-00A0C91BC942}") = "LibTiff", "..\LibTiff\LibTiff.vcxproj", "{83FC6CB3-131F-3053-BA67-38E830FCAFA7}"
	ProjectSection(ProjectDependencies) = postProject
		{DFA87B6F-CF3E-3DB6-A62B-643C01577C4D} = {DFA87B6F-CF3E-3DB6-A62B-643C01577C4D}
	EndProjectSection
EndProject
Project("{8BC9CEB8-8B4A-11D0-8D11-00A0C91BC942}") = "PDFWriter", "PDFWriter.vcxproj", "{5FE2B2D8-0227-35AF-8BC6-440176D05595}"
	ProjectSection(ProjectDependencies) = postProject
		{C1239663-7BE0-3044-97EC-8D5858688073} = {C1239663-7BE0-3044-97EC-8D5858688073}
		{A5D190FD-D601-39D5-925D-0DBF31752A1A} = {A5D190FD-D601-39D5-925D-0DBF31752A1A}
		{9908DF2B-06BA-3011-9551-E1864991F54E} = {9908DF2B-06BA-3011-9551-E1864991F54E}
		{83FC6CB3-131F-3053-BA67-38E830FCAFA7} = {83FC6CB3-131F-3053-BA67-38E830FCAFA7}
		{DFA87B6F-CF3E-3DB6-A62B-643C01577C4D} = {DFA87B6F-CF3E-3DB6-A62B-643C01577C4D}
		{E5CFD68C-0EFE-3295-8639-0FBB3C50090D} = {E5CFD68C-0EFE-3295-8639-0FBB3C50090D}
	EndProjectSection
EndProject
Project("{8BC9CEB8-8B4A-11D0-8D11-00A0C91BC942}") = "ZERO_CHECK", "..\..\..\\ZERO_CHECK.vcxproj", "{DFA87B6F-CF3E-3DB6-A62B-643C01577C4D}"
	ProjectSection(ProjectDependencies) = postProject
	EndProjectSection
EndProject
Project("{8BC9CEB8-8B4A-11D0-8D11-00A0C91BC942}") = "Zlib", "..\ZLib\Zlib.vcxproj", "{E5CFD68C-0EFE-3295-8639-0FBB3C50090D}"
	ProjectSection(ProjectDependencies) = postProject
		{DFA87B6F-CF3E-3DB6-A62B-643C01577C4D} = {DFA87B6F-CF3E-3DB6-A62B-643C01577C4D}
	EndProjectSection
EndProject
Global
	GlobalSection(SolutionConfigurationPlatforms) = preSolution
		Debug|Win32 = Debug|Win32
		Release|Win32 = Release|Win32
		MinSizeRel|Win32 = MinSizeRel|Win32
		RelWithDebInfo|Win32 = RelWithDebInfo|Win32
	EndGlobalSection
	GlobalSection(ProjectConfigurationPlatforms) = postSolution
		{E4B6E54F-461E-3FF8-8A2A-E2F7F253E0FE}.Debug|Win32.ActiveCfg = Debug|Win32
		{E4B6E54F-461E-3FF8-8A2A-E2F7F253E0FE}.Debug|Win32.Build.0 = Debug|Win32
		{E4B6E54F-461E-3FF8-8A2A-E2F7F253E0FE}.Release|Win32.ActiveCfg = Release|Win32
		{E4B6E54F-461E-3FF8-8A2A-E2F7F253E0FE}.Release|Win32.Build.0 = Release|Win32
		{E4B6E54F-461E-3FF8-8A2A-E2F7F253E0FE}.MinSizeRel|Win32.ActiveCfg = MinSizeRel|Win32
		{E4B6E54F-461E-3FF8-8A2A-E2F7F253E0FE}.MinSizeRel|Win32.Build.0 = MinSizeRel|Win32
		{E4B6E54F-461E-3FF8-8A2A-E2F7F253E0FE}.RelWithDebInfo|Win32.ActiveCfg = RelWithDebInfo|Win32
		{E4B6E54F-461E-3FF8-8A2A-E2F7F253E0FE}.RelWithDebInfo|Win32.Build.0 = RelWithDebInfo|Win32
		{C1239663-7BE0-3044-97EC-8D5858688073}.Debug|Win32.ActiveCfg = Debug|Win32
		{C1239663-7BE0-3044-97EC-8D5858688073}.Debug|Win32.Build.0 = Debug|Win32
		{C1239663-7BE0-3044-97EC-8D5858688073}.Release|Win32.ActiveCfg = Release|Win32
		{C1239663-7BE0-3044-97EC-8D5858688073}.Release|Win32.Build.0 = Release|Win32
		{C1239663-7BE0-3044-97EC-8D5858688073}.MinSizeRel|Win32.ActiveCfg = MinSizeRel|Win32
		{C1239663-7BE0-3044-97EC-8D5858688073}.MinSizeRel|Win32.Build.0 = MinSizeRel|Win32
		{C1239663-7BE0-3044-97EC-8D5858688073}.RelWithDebInfo|Win32.ActiveCfg = RelWithDebInfo|Win32
		{C1239663-7BE0-3044-97EC-8D5858688073}.RelWithDebInfo|Win32.Build.0 = RelWithDebInfo|Win32
		{EE6F2C7C-03EF-347C-9E21-F13FA8656454}.Debug|Win32.ActiveCfg = Debug|Win32
		{EE6F2C7C-03EF-347C-9E21-F13FA8656454}.Release|Win32.ActiveCfg = Release|Win32
		{EE6F2C7C-03EF-347C-9E21-F13FA8656454}.MinSizeRel|Win32.ActiveCfg = MinSizeRel|Win32
		{EE6F2C7C-03EF-347C-9E21-F13FA8656454}.RelWithDebInfo|Win32.ActiveCfg = RelWithDebInfo|Win32
		{A5D190FD-D601-39D5-925D-0DBF31752A1A}.Debug|Win32.ActiveCfg = Debug|Win32
		{A5D190FD-D601-39D5-925D-0DBF31752A1A}.Debug|Win32.Build.0 = Debug|Win32
		{A5D190FD-D601-39D5-925D-0DBF31752A1A}.Release|Win32.ActiveCfg = Release|Win32
		{A5D190FD-D601-39D5-925D-0DBF31752A1A}.Release|Win32.Build.0 = Release|Win32
		{A5D190FD-D601-39D5-925D-0DBF31752A1A}.MinSizeRel|Win32.ActiveCfg = MinSizeRel|Win32
		{A5D190FD-D601-39D5-925D-0DBF31752A1A}.MinSizeRel|Win32.Build.0 = MinSizeRel|Win32
		{A5D190FD-D601-39D5-925D-0DBF31752A1A}.RelWithDebInfo|Win32.ActiveCfg = RelWithDebInfo|Win32
		{A5D190FD-D601-39D5-925D-0DBF31752A1A}.RelWithDebInfo|Win32.Build.0 = RelWithDebInfo|Win32
		{9908DF2B-06BA-3011-9551-E1864991F54E}.Debug|Win32.ActiveCfg = Debug|Win32
		{9908DF2B-06BA-3011-9551-E1864991F54E}.Debug|Win32.Build.0 = Debug|Win32
		{9908DF2B-06BA-3011-9551-E1864991F54E}.Release|Win32.ActiveCfg = Release|Win32
		{9908DF2B-06BA-3011-9551-E1864991F54E}.Release|Win32.Build.0 = Release|Win32
		{9908DF2B-06BA-3011-9551-E1864991F54E}.MinSizeRel|Win32.ActiveCfg = MinSizeRel|Win32
		{9908DF2B-06BA-3011-9551-E1864991F54E}.MinSizeRel|Win32.Build.0 = MinSizeRel|Win32
		{9908DF2B-06BA-3011-9551-E1864991F54E}.RelWithDebInfo|Win32.ActiveCfg = RelWithDebInfo|Win32
		{9908DF2B-06BA-3011-9551-E1864991F54E}.RelWithDebInfo|Win32.Build.0 = RelWithDebInfo|Win32
		{83FC6CB3-131F-3053-BA67-38E830FCAFA7}.Debug|Win32.ActiveCfg = Debug|Win32
		{83FC6CB3-131F-3053-BA67-38E830FCAFA7}.Debug|Win32.Build.0 = Debug|Win32
		{83FC6CB3-131F-3053-BA67-38E830FCAFA7}.Release|Win32.ActiveCfg = Release|Win32
		{83FC6CB3-131F-3053-BA67-38E830FCAFA7}.Release|Win32.Build.0 = Release|Win32
		{83FC6CB3-131F-3053-BA67-38E830FCAFA7}.MinSizeRel|Win32.ActiveCfg = MinSizeRel|Win32
		{83FC6CB3-131F-3053-BA67-38E830FCAFA7}.MinSizeRel|Win32.Build.0 = MinSizeRel|Win32
		{83FC6CB3-131F-3053-BA67-38E830FCAFA7}.RelWithDebInfo|Win32.ActiveCfg = RelWithDebInfo|Win32
		{83FC6CB3-131F-3053-BA67-38E830FCAFA7}.RelWithDebInfo|Win32.Build.0 = RelWithDebInfo|Win32
		{5FE2B2D8-0227-35AF-8BC6-440176D05595}.Debug|Win32.ActiveCfg = Debug|Win32
		{5FE2B2D8-0227-35AF-8BC6-440176D05595}.Debug|Win32.Build.0 = Debug|Win32
		{5FE2B2D8-0227-35AF-8BC6-440176D05595}.Release|Win32.ActiveCfg = Release|Win32
		{5FE2B2D8-0227-35AF-8BC6-440176D05595}.Release|Win32.Build.0 = Release|Win32
		{5FE2B2D8-0227-35AF-8BC6-440176D05595}.MinSizeRel|Win32.ActiveCfg = MinSizeRel|Win32
		{5FE2B2D8-0227-35AF-8BC6-440176D05595}.MinSizeRel|Win32.Build.0 = MinSizeRel|Win32
		{5FE2B2D8-0227-35AF-8BC6-440176D05595}.RelWithDebInfo|Win32.ActiveCfg = RelWithDebInfo|Win32
		{5FE2B2D8-0227-35AF-8BC6-440176D05595}.RelWithDebInfo|Win32.Build.0 = RelWithDebInfo|Win32
		{DFA87B6F-CF3E-3DB6-A62B-643C01577C4D}.Debug|Win32.ActiveCfg = Debug|Win32
		{DFA87B6F-CF3E-3DB6-A62B-643C01577C4D}.Debug|Win32.Build.0 = Debug|Win32
		{DFA87B6F-CF3E-3DB6-A62B-643C01577C4D}.Release|Win32.ActiveCfg = Release|Win32
		{DFA87B6F-CF3E-3DB6-A62B-643C01577C4D}.Release|Win32.Build.0 = Release|Win32
		{DFA87B6F-CF3E-3DB6-A62B-643C01577C4D}.MinSizeRel|Win32.ActiveCfg = MinSizeRel|Win32
		{DFA87B6F-CF3E-3DB6-A62B-643C01577C4D}.MinSizeRel|Win32.Build.0 = MinSizeRel|Win32
		{DFA87B6F-CF3E-3DB6-A62B-643C01577C4D}.RelWithDebInfo|Win32.ActiveCfg = RelWithDebInfo|Win32
		{DFA87B6F-CF3E-3DB6-A62B-643C01577C4D}.RelWithDebInfo|Win32.Build.0 = RelWithDebInfo|Win32
		{E5CFD68C-0EFE-3295-8639-0FBB3C50090D}.Debug|Win32.ActiveCfg = Debug|Win32
		{E5CFD68C-0EFE-3295-8639-0FBB3C50090D}.Debug|Win32.Build.0 = Debug|Win32
		{E5CFD68C-0EFE-3295-8639-0FBB3C50090D}.Release|Win32.ActiveCfg = Release|Win32
		{E5CFD68C-0EFE-3295-8639-0FBB3C50090D}.Release|Win32.Build.0 = Release|Win32
		{E5CFD68C-0EFE-3295-8639-0FBB3C50090D}.MinSizeRel|Win32.ActiveCfg = MinSizeRel|Win32
		{E5CFD68C-0EFE-3295-8639-0FBB3C50090D}.MinSizeRel|Win32.Build.0 = MinSizeRel|Win32
		{E5CFD68C-0EFE-3295-8639-0FBB3C50090D}.RelWithDebInfo|Win32.ActiveCfg = RelWithDebInfo|Win32
		{E5CFD68C-0EFE-3295-8639-0FBB3C50090D}.RelWithDebInfo|Win32.Build.0 = RelWithDebInfo|Win32
	EndGlobalSection
	GlobalSection(NestedProjects) = preSolution
		{C1239663-7BE0-3044-97EC-8D5858688073} = {63483AE3-946A-3636-8DF0-546696E63732}
		{A5D190FD-D601-39D5-925D-0DBF31752A1A} = {63483AE3-946A-3636-8DF0-546696E63732}
		{9908DF2B-06BA-3011-9551-E1864991F54E} = {63483AE3-946A-3636-8DF0-546696E63732}
		{83FC6CB3-131F-3053-BA67-38E830FCAFA7} = {63483AE3-946A-3636-8DF0-546696E63732}
		{5FE2B2D8-0227-35AF-8BC6-440176D05595} = {63483AE3-946A-3636-8DF0-546696E63732}
		{E5CFD68C-0EFE-3295-8639-0FBB3C50090D} = {63483AE3-946A-3636-8DF0-546696E63732}
		{E4B6E54F-461E-3FF8-8A2A-E2F7F253E0FE} = {745D1EF5-2C54-3F25-B2DA-96DB1FC5533C}
		{EE6F2C7C-03EF-347C-9E21-F13FA8656454} = {745D1EF5-2C54-3F25-B2DA-96DB1FC5533C}
		{DFA87B6F-CF3E-3DB6-A62B-643C01577C4D} = {745D1EF5-2C54-3F25-B2DA-96DB1FC5533C}
	EndGlobalSection
	GlobalSection(ExtensibilityGlobals) = postSolution
		SolutionGuid = {3E47D3D0-0316-3A18-93BD-1C5F8CA90B0A}
	EndGlobalSection
	GlobalSection(ExtensibilityAddIns) = postSolution
	EndGlobalSection
EndGlobal
