<?xml version="1.0" encoding="utf-8"?>
<Project ToolsVersion="15.0" xmlns="http://schemas.microsoft.com/developer/msbuild/2003">
  <ItemGroup>
    <ClCompile Include="C:\dev\ttt\The-Modern-Cpp-Challenge\libs\cryptopp\3way.cpp">
      <Filter>Source Files</Filter>
    </ClCompile>
    <ClCompile Include="C:\dev\ttt\The-Modern-Cpp-Challenge\libs\cryptopp\adhoc.cpp">
      <Filter>Source Files</Filter>
    </ClCompile>
    <ClCompile Include="C:\dev\ttt\The-Modern-Cpp-Challenge\libs\cryptopp\adler32.cpp">
      <Filter>Source Files</Filter>
    </ClCompile>
    <ClCompile Include="C:\dev\ttt\The-Modern-Cpp-Challenge\libs\cryptopp\algebra.cpp">
      <Filter>Source Files</Filter>
    </ClCompile>
    <ClCompile Include="C:\dev\ttt\The-Modern-Cpp-Challenge\libs\cryptopp\algparam.cpp">
      <Filter>Source Files</Filter>
    </ClCompile>
    <ClCompile Include="C:\dev\ttt\The-Modern-Cpp-Challenge\libs\cryptopp\arc4.cpp">
      <Filter>Source Files</Filter>
    </ClCompile>
    <ClCompile Include="C:\dev\ttt\The-Modern-Cpp-Challenge\libs\cryptopp\aria-simd.cpp">
      <Filter>Source Files</Filter>
    </ClCompile>
    <ClCompile Include="C:\dev\ttt\The-Modern-Cpp-Challenge\libs\cryptopp\aria.cpp">
      <Filter>Source Files</Filter>
    </ClCompile>
    <ClCompile Include="C:\dev\ttt\The-Modern-Cpp-Challenge\libs\cryptopp\ariatab.cpp">
      <Filter>Source Files</Filter>
    </ClCompile>
    <ClCompile Include="C:\dev\ttt\The-Modern-Cpp-Challenge\libs\cryptopp\asn.cpp">
      <Filter>Source Files</Filter>
    </ClCompile>
    <ClCompile Include="C:\dev\ttt\The-Modern-Cpp-Challenge\libs\cryptopp\authenc.cpp">
      <Filter>Source Files</Filter>
    </ClCompile>
    <ClCompile Include="C:\dev\ttt\The-Modern-Cpp-Challenge\libs\cryptopp\base32.cpp">
      <Filter>Source Files</Filter>
    </ClCompile>
    <ClCompile Include="C:\dev\ttt\The-Modern-Cpp-Challenge\libs\cryptopp\base64.cpp">
      <Filter>Source Files</Filter>
    </ClCompile>
    <ClCompile Include="C:\dev\ttt\The-Modern-Cpp-Challenge\libs\cryptopp\basecode.cpp">
      <Filter>Source Files</Filter>
    </ClCompile>
    <ClCompile Include="C:\dev\ttt\The-Modern-Cpp-Challenge\libs\cryptopp\bench1.cpp">
      <Filter>Source Files</Filter>
    </ClCompile>
    <ClCompile Include="C:\dev\ttt\The-Modern-Cpp-Challenge\libs\cryptopp\bench2.cpp">
      <Filter>Source Files</Filter>
    </ClCompile>
    <ClCompile Include="C:\dev\ttt\The-Modern-Cpp-Challenge\libs\cryptopp\bfinit.cpp">
      <Filter>Source Files</Filter>
    </ClCompile>
    <ClCompile Include="C:\dev\ttt\The-Modern-Cpp-Challenge\libs\cryptopp\blake2-simd.cpp">
      <Filter>Source Files</Filter>
    </ClCompile>
    <ClCompile Include="C:\dev\ttt\The-Modern-Cpp-Challenge\libs\cryptopp\blake2.cpp">
      <Filter>Source Files</Filter>
    </ClCompile>
    <ClCompile Include="C:\dev\ttt\The-Modern-Cpp-Challenge\libs\cryptopp\blowfish.cpp">
      <Filter>Source Files</Filter>
    </ClCompile>
    <ClCompile Include="C:\dev\ttt\The-Modern-Cpp-Challenge\libs\cryptopp\blumshub.cpp">
      <Filter>Source Files</Filter>
    </ClCompile>
    <ClCompile Include="C:\dev\ttt\The-Modern-Cpp-Challenge\libs\cryptopp\camellia.cpp">
      <Filter>Source Files</Filter>
    </ClCompile>
    <ClCompile Include="C:\dev\ttt\The-Modern-Cpp-Challenge\libs\cryptopp\cast.cpp">
      <Filter>Source Files</Filter>
    </ClCompile>
    <ClCompile Include="C:\dev\ttt\The-Modern-Cpp-Challenge\libs\cryptopp\casts.cpp">
      <Filter>Source Files</Filter>
    </ClCompile>
    <ClCompile Include="C:\dev\ttt\The-Modern-Cpp-Challenge\libs\cryptopp\cbcmac.cpp">
      <Filter>Source Files</Filter>
    </ClCompile>
    <ClCompile Include="C:\dev\ttt\The-Modern-Cpp-Challenge\libs\cryptopp\ccm.cpp">
      <Filter>Source Files</Filter>
    </ClCompile>
    <ClCompile Include="C:\dev\ttt\The-Modern-Cpp-Challenge\libs\cryptopp\chacha.cpp">
      <Filter>Source Files</Filter>
    </ClCompile>
    <ClCompile Include="C:\dev\ttt\The-Modern-Cpp-Challenge\libs\cryptopp\channels.cpp">
      <Filter>Source Files</Filter>
    </ClCompile>
    <ClCompile Include="C:\dev\ttt\The-Modern-Cpp-Challenge\libs\cryptopp\cmac.cpp">
      <Filter>Source Files</Filter>
    </ClCompile>
    <ClCompile Include="C:\dev\ttt\The-Modern-Cpp-Challenge\libs\cryptopp\cpu.cpp">
      <Filter>Source Files</Filter>
    </ClCompile>
    <ClCompile Include="C:\dev\ttt\The-Modern-Cpp-Challenge\libs\cryptopp\crc-simd.cpp">
      <Filter>Source Files</Filter>
    </ClCompile>
    <ClCompile Include="C:\dev\ttt\The-Modern-Cpp-Challenge\libs\cryptopp\crc.cpp">
      <Filter>Source Files</Filter>
    </ClCompile>
    <ClCompile Include="C:\dev\ttt\The-Modern-Cpp-Challenge\libs\cryptopp\cryptlib.cpp">
      <Filter>Source Files</Filter>
    </ClCompile>
    <ClCompile Include="C:\dev\ttt\The-Modern-Cpp-Challenge\libs\cryptopp\datatest.cpp">
      <Filter>Source Files</Filter>
    </ClCompile>
    <ClCompile Include="C:\dev\ttt\The-Modern-Cpp-Challenge\libs\cryptopp\default.cpp">
      <Filter>Source Files</Filter>
    </ClCompile>
    <ClCompile Include="C:\dev\ttt\The-Modern-Cpp-Challenge\libs\cryptopp\des.cpp">
      <Filter>Source Files</Filter>
    </ClCompile>
    <ClCompile Include="C:\dev\ttt\The-Modern-Cpp-Challenge\libs\cryptopp\dessp.cpp">
      <Filter>Source Files</Filter>
    </ClCompile>
    <ClCompile Include="C:\dev\ttt\The-Modern-Cpp-Challenge\libs\cryptopp\dh.cpp">
      <Filter>Source Files</Filter>
    </ClCompile>
    <ClCompile Include="C:\dev\ttt\The-Modern-Cpp-Challenge\libs\cryptopp\dh2.cpp">
      <Filter>Source Files</Filter>
    </ClCompile>
    <ClCompile Include="C:\dev\ttt\The-Modern-Cpp-Challenge\libs\cryptopp\dll.cpp">
      <Filter>Source Files</Filter>
    </ClCompile>
    <ClCompile Include="C:\dev\ttt\The-Modern-Cpp-Challenge\libs\cryptopp\dlltest.cpp">
      <Filter>Source Files</Filter>
    </ClCompile>
    <ClCompile Include="C:\dev\ttt\The-Modern-Cpp-Challenge\libs\cryptopp\dsa.cpp">
      <Filter>Source Files</Filter>
    </ClCompile>
    <ClCompile Include="C:\dev\ttt\The-Modern-Cpp-Challenge\libs\cryptopp\eax.cpp">
      <Filter>Source Files</Filter>
    </ClCompile>
    <ClCompile Include="C:\dev\ttt\The-Modern-Cpp-Challenge\libs\cryptopp\ec2n.cpp">
      <Filter>Source Files</Filter>
    </ClCompile>
    <ClCompile Include="C:\dev\ttt\The-Modern-Cpp-Challenge\libs\cryptopp\eccrypto.cpp">
      <Filter>Source Files</Filter>
    </ClCompile>
    <ClCompile Include="C:\dev\ttt\The-Modern-Cpp-Challenge\libs\cryptopp\ecp.cpp">
      <Filter>Source Files</Filter>
    </ClCompile>
    <ClCompile Include="C:\dev\ttt\The-Modern-Cpp-Challenge\libs\cryptopp\elgamal.cpp">
      <Filter>Source Files</Filter>
    </ClCompile>
    <ClCompile Include="C:\dev\ttt\The-Modern-Cpp-Challenge\libs\cryptopp\emsa2.cpp">
      <Filter>Source Files</Filter>
    </ClCompile>
    <ClCompile Include="C:\dev\ttt\The-Modern-Cpp-Challenge\libs\cryptopp\eprecomp.cpp">
      <Filter>Source Files</Filter>
    </ClCompile>
    <ClCompile Include="C:\dev\ttt\The-Modern-Cpp-Challenge\libs\cryptopp\esign.cpp">
      <Filter>Source Files</Filter>
    </ClCompile>
    <ClCompile Include="C:\dev\ttt\The-Modern-Cpp-Challenge\libs\cryptopp\files.cpp">
      <Filter>Source Files</Filter>
    </ClCompile>
    <ClCompile Include="C:\dev\ttt\The-Modern-Cpp-Challenge\libs\cryptopp\filters.cpp">
      <Filter>Source Files</Filter>
    </ClCompile>
    <ClCompile Include="C:\dev\ttt\The-Modern-Cpp-Challenge\libs\cryptopp\fips140.cpp">
      <Filter>Source Files</Filter>
    </ClCompile>
    <ClCompile Include="C:\dev\ttt\The-Modern-Cpp-Challenge\libs\cryptopp\fipsalgt.cpp">
      <Filter>Source Files</Filter>
    </ClCompile>
    <ClCompile Include="C:\dev\ttt\The-Modern-Cpp-Challenge\libs\cryptopp\fipstest.cpp">
      <Filter>Source Files</Filter>
    </ClCompile>
    <ClCompile Include="C:\dev\ttt\The-Modern-Cpp-Challenge\libs\cryptopp\gcm-simd.cpp">
      <Filter>Source Files</Filter>
    </ClCompile>
    <ClCompile Include="C:\dev\ttt\The-Modern-Cpp-Challenge\libs\cryptopp\gcm.cpp">
      <Filter>Source Files</Filter>
    </ClCompile>
    <ClCompile Include="C:\dev\ttt\The-Modern-Cpp-Challenge\libs\cryptopp\gf256.cpp">
      <Filter>Source Files</Filter>
    </ClCompile>
    <ClCompile Include="C:\dev\ttt\The-Modern-Cpp-Challenge\libs\cryptopp\gf2_32.cpp">
      <Filter>Source Files</Filter>
    </ClCompile>
    <ClCompile Include="C:\dev\ttt\The-Modern-Cpp-Challenge\libs\cryptopp\gf2n.cpp">
      <Filter>Source Files</Filter>
    </ClCompile>
    <ClCompile Include="C:\dev\ttt\The-Modern-Cpp-Challenge\libs\cryptopp\gfpcrypt.cpp">
      <Filter>Source Files</Filter>
    </ClCompile>
    <ClCompile Include="C:\dev\ttt\The-Modern-Cpp-Challenge\libs\cryptopp\gost.cpp">
      <Filter>Source Files</Filter>
    </ClCompile>
    <ClCompile Include="C:\dev\ttt\The-Modern-Cpp-Challenge\libs\cryptopp\gzip.cpp">
      <Filter>Source Files</Filter>
    </ClCompile>
    <ClCompile Include="C:\dev\ttt\The-Modern-Cpp-Challenge\libs\cryptopp\hex.cpp">
      <Filter>Source Files</Filter>
    </ClCompile>
    <ClCompile Include="C:\dev\ttt\The-Modern-Cpp-Challenge\libs\cryptopp\hmac.cpp">
      <Filter>Source Files</Filter>
    </ClCompile>
    <ClCompile Include="C:\dev\ttt\The-Modern-Cpp-Challenge\libs\cryptopp\hrtimer.cpp">
      <Filter>Source Files</Filter>
    </ClCompile>
    <ClCompile Include="C:\dev\ttt\The-Modern-Cpp-Challenge\libs\cryptopp\ida.cpp">
      <Filter>Source Files</Filter>
    </ClCompile>
    <ClCompile Include="C:\dev\ttt\The-Modern-Cpp-Challenge\libs\cryptopp\idea.cpp">
      <Filter>Source Files</Filter>
    </ClCompile>
    <ClCompile Include="C:\dev\ttt\The-Modern-Cpp-Challenge\libs\cryptopp\integer.cpp">
      <Filter>Source Files</Filter>
    </ClCompile>
    <ClCompile Include="C:\dev\ttt\The-Modern-Cpp-Challenge\libs\cryptopp\iterhash.cpp">
      <Filter>Source Files</Filter>
    </ClCompile>
    <ClCompile Include="C:\dev\ttt\The-Modern-Cpp-Challenge\libs\cryptopp\kalyna.cpp">
      <Filter>Source Files</Filter>
    </ClCompile>
    <ClCompile Include="C:\dev\ttt\The-Modern-Cpp-Challenge\libs\cryptopp\kalynatab.cpp">
      <Filter>Source Files</Filter>
    </ClCompile>
    <ClCompile Include="C:\dev\ttt\The-Modern-Cpp-Challenge\libs\cryptopp\keccak.cpp">
      <Filter>Source Files</Filter>
    </ClCompile>
    <ClCompile Include="C:\dev\ttt\The-Modern-Cpp-Challenge\libs\cryptopp\luc.cpp">
      <Filter>Source Files</Filter>
    </ClCompile>
    <ClCompile Include="C:\dev\ttt\The-Modern-Cpp-Challenge\libs\cryptopp\mars.cpp">
      <Filter>Source Files</Filter>
    </ClCompile>
    <ClCompile Include="C:\dev\ttt\The-Modern-Cpp-Challenge\libs\cryptopp\marss.cpp">
      <Filter>Source Files</Filter>
    </ClCompile>
    <ClCompile Include="C:\dev\ttt\The-Modern-Cpp-Challenge\libs\cryptopp\md2.cpp">
      <Filter>Source Files</Filter>
    </ClCompile>
    <ClCompile Include="C:\dev\ttt\The-Modern-Cpp-Challenge\libs\cryptopp\md4.cpp">
      <Filter>Source Files</Filter>
    </ClCompile>
    <ClCompile Include="C:\dev\ttt\The-Modern-Cpp-Challenge\libs\cryptopp\md5.cpp">
      <Filter>Source Files</Filter>
    </ClCompile>
    <ClCompile Include="C:\dev\ttt\The-Modern-Cpp-Challenge\libs\cryptopp\misc.cpp">
      <Filter>Source Files</Filter>
    </ClCompile>
    <ClCompile Include="C:\dev\ttt\The-Modern-Cpp-Challenge\libs\cryptopp\modes.cpp">
      <Filter>Source Files</Filter>
    </ClCompile>
    <ClCompile Include="C:\dev\ttt\The-Modern-Cpp-Challenge\libs\cryptopp\mqueue.cpp">
      <Filter>Source Files</Filter>
    </ClCompile>
    <ClCompile Include="C:\dev\ttt\The-Modern-Cpp-Challenge\libs\cryptopp\mqv.cpp">
      <Filter>Source Files</Filter>
    </ClCompile>
    <ClCompile Include="C:\dev\ttt\The-Modern-Cpp-Challenge\libs\cryptopp\nbtheory.cpp">
      <Filter>Source Files</Filter>
    </ClCompile>
    <ClCompile Include="C:\dev\ttt\The-Modern-Cpp-Challenge\libs\cryptopp\neon-simd.cpp">
      <Filter>Source Files</Filter>
    </ClCompile>
    <ClCompile Include="C:\dev\ttt\The-Modern-Cpp-Challenge\libs\cryptopp\network.cpp">
      <Filter>Source Files</Filter>
    </ClCompile>
    <ClCompile Include="C:\dev\ttt\The-Modern-Cpp-Challenge\libs\cryptopp\oaep.cpp">
      <Filter>Source Files</Filter>
    </ClCompile>
    <ClCompile Include="C:\dev\ttt\The-Modern-Cpp-Challenge\libs\cryptopp\osrng.cpp">
      <Filter>Source Files</Filter>
    </ClCompile>
    <ClCompile Include="C:\dev\ttt\The-Modern-Cpp-Challenge\libs\cryptopp\padlkrng.cpp">
      <Filter>Source Files</Filter>
    </ClCompile>
    <ClCompile Include="C:\dev\ttt\The-Modern-Cpp-Challenge\libs\cryptopp\panama.cpp">
      <Filter>Source Files</Filter>
    </ClCompile>
    <ClCompile Include="C:\dev\ttt\The-Modern-Cpp-Challenge\libs\cryptopp\pch.cpp">
      <Filter>Source Files</Filter>
    </ClCompile>
    <ClCompile Include="C:\dev\ttt\The-Modern-Cpp-Challenge\libs\cryptopp\pkcspad.cpp">
      <Filter>Source Files</Filter>
    </ClCompile>
    <ClCompile Include="C:\dev\ttt\The-Modern-Cpp-Challenge\libs\cryptopp\poly1305.cpp">
      <Filter>Source Files</Filter>
    </ClCompile>
    <ClCompile Include="C:\dev\ttt\The-Modern-Cpp-Challenge\libs\cryptopp\polynomi.cpp">
      <Filter>Source Files</Filter>
    </ClCompile>
    <ClCompile Include="C:\dev\ttt\The-Modern-Cpp-Challenge\libs\cryptopp\ppc-simd.cpp">
      <Filter>Source Files</Filter>
    </ClCompile>
    <ClCompile Include="C:\dev\ttt\The-Modern-Cpp-Challenge\libs\cryptopp\pssr.cpp">
      <Filter>Source Files</Filter>
    </ClCompile>
    <ClCompile Include="C:\dev\ttt\The-Modern-Cpp-Challenge\libs\cryptopp\pubkey.cpp">
      <Filter>Source Files</Filter>
    </ClCompile>
    <ClCompile Include="C:\dev\ttt\The-Modern-Cpp-Challenge\libs\cryptopp\queue.cpp">
      <Filter>Source Files</Filter>
    </ClCompile>
    <ClCompile Include="C:\dev\ttt\The-Modern-Cpp-Challenge\libs\cryptopp\rabin.cpp">
      <Filter>Source Files</Filter>
    </ClCompile>
    <ClCompile Include="C:\dev\ttt\The-Modern-Cpp-Challenge\libs\cryptopp\randpool.cpp">
      <Filter>Source Files</Filter>
    </ClCompile>
    <ClCompile Include="C:\dev\ttt\The-Modern-Cpp-Challenge\libs\cryptopp\rc2.cpp">
      <Filter>Source Files</Filter>
    </ClCompile>
    <ClCompile Include="C:\dev\ttt\The-Modern-Cpp-Challenge\libs\cryptopp\rc5.cpp">
      <Filter>Source Files</Filter>
    </ClCompile>
    <ClCompile Include="C:\dev\ttt\The-Modern-Cpp-Challenge\libs\cryptopp\rc6.cpp">
      <Filter>Source Files</Filter>
    </ClCompile>
    <ClCompile Include="C:\dev\ttt\The-Modern-Cpp-Challenge\libs\cryptopp\rdrand.cpp">
      <Filter>Source Files</Filter>
    </ClCompile>
    <ClCompile Include="C:\dev\ttt\The-Modern-Cpp-Challenge\libs\cryptopp\rdtables.cpp">
      <Filter>Source Files</Filter>
    </ClCompile>
    <ClCompile Include="C:\dev\ttt\The-Modern-Cpp-Challenge\libs\cryptopp\regtest1.cpp">
      <Filter>Source Files</Filter>
    </ClCompile>
    <ClCompile Include="C:\dev\ttt\The-Modern-Cpp-Challenge\libs\cryptopp\regtest2.cpp">
      <Filter>Source Files</Filter>
    </ClCompile>
    <ClCompile Include="C:\dev\ttt\The-Modern-Cpp-Challenge\libs\cryptopp\regtest3.cpp">
      <Filter>Source Files</Filter>
    </ClCompile>
    <ClCompile Include="C:\dev\ttt\The-Modern-Cpp-Challenge\libs\cryptopp\rijndael-simd.cpp">
      <Filter>Source Files</Filter>
    </ClCompile>
    <ClCompile Include="C:\dev\ttt\The-Modern-Cpp-Challenge\libs\cryptopp\rijndael.cpp">
      <Filter>Source Files</Filter>
    </ClCompile>
    <ClCompile Include="C:\dev\ttt\The-Modern-Cpp-Challenge\libs\cryptopp\ripemd.cpp">
      <Filter>Source Files</Filter>
    </ClCompile>
    <ClCompile Include="C:\dev\ttt\The-Modern-Cpp-Challenge\libs\cryptopp\rng.cpp">
      <Filter>Source Files</Filter>
    </ClCompile>
    <ClCompile Include="C:\dev\ttt\The-Modern-Cpp-Challenge\libs\cryptopp\rsa.cpp">
      <Filter>Source Files</Filter>
    </ClCompile>
    <ClCompile Include="C:\dev\ttt\The-Modern-Cpp-Challenge\libs\cryptopp\rw.cpp">
      <Filter>Source Files</Filter>
    </ClCompile>
    <ClCompile Include="C:\dev\ttt\The-Modern-Cpp-Challenge\libs\cryptopp\safer.cpp">
      <Filter>Source Files</Filter>
    </ClCompile>
    <ClCompile Include="C:\dev\ttt\The-Modern-Cpp-Challenge\libs\cryptopp\salsa.cpp">
      <Filter>Source Files</Filter>
    </ClCompile>
    <ClCompile Include="C:\dev\ttt\The-Modern-Cpp-Challenge\libs\cryptopp\seal.cpp">
      <Filter>Source Files</Filter>
    </ClCompile>
    <ClCompile Include="C:\dev\ttt\The-Modern-Cpp-Challenge\libs\cryptopp\seed.cpp">
      <Filter>Source Files</Filter>
    </ClCompile>
    <ClCompile Include="C:\dev\ttt\The-Modern-Cpp-Challenge\libs\cryptopp\serpent.cpp">
      <Filter>Source Files</Filter>
    </ClCompile>
    <ClCompile Include="C:\dev\ttt\The-Modern-Cpp-Challenge\libs\cryptopp\sha-simd.cpp">
      <Filter>Source Files</Filter>
    </ClCompile>
    <ClCompile Include="C:\dev\ttt\The-Modern-Cpp-Challenge\libs\cryptopp\sha.cpp">
      <Filter>Source Files</Filter>
    </ClCompile>
    <ClCompile Include="C:\dev\ttt\The-Modern-Cpp-Challenge\libs\cryptopp\sha3.cpp">
      <Filter>Source Files</Filter>
    </ClCompile>
    <ClCompile Include="C:\dev\ttt\The-Modern-Cpp-Challenge\libs\cryptopp\shacal2-simd.cpp">
      <Filter>Source Files</Filter>
    </ClCompile>
    <ClCompile Include="C:\dev\ttt\The-Modern-Cpp-Challenge\libs\cryptopp\shacal2.cpp">
      <Filter>Source Files</Filter>
    </ClCompile>
    <ClCompile Include="C:\dev\ttt\The-Modern-Cpp-Challenge\libs\cryptopp\shark.cpp">
      <Filter>Source Files</Filter>
    </ClCompile>
    <ClCompile Include="C:\dev\ttt\The-Modern-Cpp-Challenge\libs\cryptopp\sharkbox.cpp">
      <Filter>Source Files</Filter>
    </ClCompile>
    <ClCompile Include="C:\dev\ttt\The-Modern-Cpp-Challenge\libs\cryptopp\simon-simd.cpp">
      <Filter>Source Files</Filter>
    </ClCompile>
    <ClCompile Include="C:\dev\ttt\The-Modern-Cpp-Challenge\libs\cryptopp\simon.cpp">
      <Filter>Source Files</Filter>
    </ClCompile>
    <ClCompile Include="C:\dev\ttt\The-Modern-Cpp-Challenge\libs\cryptopp\simple.cpp">
      <Filter>Source Files</Filter>
    </ClCompile>
    <ClCompile Include="C:\dev\ttt\The-Modern-Cpp-Challenge\libs\cryptopp\skipjack.cpp">
      <Filter>Source Files</Filter>
    </ClCompile>
    <ClCompile Include="C:\dev\ttt\The-Modern-Cpp-Challenge\libs\cryptopp\sm3.cpp">
      <Filter>Source Files</Filter>
    </ClCompile>
    <ClCompile Include="C:\dev\ttt\The-Modern-Cpp-Challenge\libs\cryptopp\sm4.cpp">
      <Filter>Source Files</Filter>
    </ClCompile>
    <ClCompile Include="C:\dev\ttt\The-Modern-Cpp-Challenge\libs\cryptopp\socketft.cpp">
      <Filter>Source Files</Filter>
    </ClCompile>
    <ClCompile Include="C:\dev\ttt\The-Modern-Cpp-Challenge\libs\cryptopp\sosemanuk.cpp">
      <Filter>Source Files</Filter>
    </ClCompile>
    <ClCompile Include="C:\dev\ttt\The-Modern-Cpp-Challenge\libs\cryptopp\speck-simd.cpp">
      <Filter>Source Files</Filter>
    </ClCompile>
    <ClCompile Include="C:\dev\ttt\The-Modern-Cpp-Challenge\libs\cryptopp\speck.cpp">
      <Filter>Source Files</Filter>
    </ClCompile>
    <ClCompile Include="C:\dev\ttt\The-Modern-Cpp-Challenge\libs\cryptopp\square.cpp">
      <Filter>Source Files</Filter>
    </ClCompile>
    <ClCompile Include="C:\dev\ttt\The-Modern-Cpp-Challenge\libs\cryptopp\squaretb.cpp">
      <Filter>Source Files</Filter>
    </ClCompile>
    <ClCompile Include="C:\dev\ttt\The-Modern-Cpp-Challenge\libs\cryptopp\sse-simd.cpp">
      <Filter>Source Files</Filter>
    </ClCompile>
    <ClCompile Include="C:\dev\ttt\The-Modern-Cpp-Challenge\libs\cryptopp\strciphr.cpp">
      <Filter>Source Files</Filter>
    </ClCompile>
    <ClCompile Include="C:\dev\ttt\The-Modern-Cpp-Challenge\libs\cryptopp\tea.cpp">
      <Filter>Source Files</Filter>
    </ClCompile>
    <ClCompile Include="C:\dev\ttt\The-Modern-Cpp-Challenge\libs\cryptopp\test.cpp">
      <Filter>Source Files</Filter>
    </ClCompile>
    <ClCompile Include="C:\dev\ttt\The-Modern-Cpp-Challenge\libs\cryptopp\tftables.cpp">
      <Filter>Source Files</Filter>
    </ClCompile>
    <ClCompile Include="C:\dev\ttt\The-Modern-Cpp-Challenge\libs\cryptopp\threefish.cpp">
      <Filter>Source Files</Filter>
    </ClCompile>
    <ClCompile Include="C:\dev\ttt\The-Modern-Cpp-Challenge\libs\cryptopp\tiger.cpp">
      <Filter>Source Files</Filter>
    </ClCompile>
    <ClCompile Include="C:\dev\ttt\The-Modern-Cpp-Challenge\libs\cryptopp\tigertab.cpp">
      <Filter>Source Files</Filter>
    </ClCompile>
    <ClCompile Include="C:\dev\ttt\The-Modern-Cpp-Challenge\libs\cryptopp\trdlocal.cpp">
      <Filter>Source Files</Filter>
    </ClCompile>
    <ClCompile Include="C:\dev\ttt\The-Modern-Cpp-Challenge\libs\cryptopp\ttmac.cpp">
      <Filter>Source Files</Filter>
    </ClCompile>
    <ClCompile Include="C:\dev\ttt\The-Modern-Cpp-Challenge\libs\cryptopp\tweetnacl.cpp">
      <Filter>Source Files</Filter>
    </ClCompile>
    <ClCompile Include="C:\dev\ttt\The-Modern-Cpp-Challenge\libs\cryptopp\twofish.cpp">
      <Filter>Source Files</Filter>
    </ClCompile>
    <ClCompile Include="C:\dev\ttt\The-Modern-Cpp-Challenge\libs\cryptopp\validat0.cpp">
      <Filter>Source Files</Filter>
    </ClCompile>
    <ClCompile Include="C:\dev\ttt\The-Modern-Cpp-Challenge\libs\cryptopp\validat1.cpp">
      <Filter>Source Files</Filter>
    </ClCompile>
    <ClCompile Include="C:\dev\ttt\The-Modern-Cpp-Challenge\libs\cryptopp\validat2.cpp">
      <Filter>Source Files</Filter>
    </ClCompile>
    <ClCompile Include="C:\dev\ttt\The-Modern-Cpp-Challenge\libs\cryptopp\validat3.cpp">
      <Filter>Source Files</Filter>
    </ClCompile>
    <ClCompile Include="C:\dev\ttt\The-Modern-Cpp-Challenge\libs\cryptopp\validat4.cpp">
      <Filter>Source Files</Filter>
    </ClCompile>
    <ClCompile Include="C:\dev\ttt\The-Modern-Cpp-Challenge\libs\cryptopp\vmac.cpp">
      <Filter>Source Files</Filter>
    </ClCompile>
    <ClCompile Include="C:\dev\ttt\The-Modern-Cpp-Challenge\libs\cryptopp\wait.cpp">
      <Filter>Source Files</Filter>
    </ClCompile>
    <ClCompile Include="C:\dev\ttt\The-Modern-Cpp-Challenge\libs\cryptopp\wake.cpp">
      <Filter>Source Files</Filter>
    </ClCompile>
    <ClCompile Include="C:\dev\ttt\The-Modern-Cpp-Challenge\libs\cryptopp\whrlpool.cpp">
      <Filter>Source Files</Filter>
    </ClCompile>
    <ClCompile Include="C:\dev\ttt\The-Modern-Cpp-Challenge\libs\cryptopp\winpipes.cpp">
      <Filter>Source Files</Filter>
    </ClCompile>
    <ClCompile Include="C:\dev\ttt\The-Modern-Cpp-Challenge\libs\cryptopp\xtr.cpp">
      <Filter>Source Files</Filter>
    </ClCompile>
    <ClCompile Include="C:\dev\ttt\The-Modern-Cpp-Challenge\libs\cryptopp\xtrcrypt.cpp">
      <Filter>Source Files</Filter>
    </ClCompile>
    <ClCompile Include="C:\dev\ttt\The-Modern-Cpp-Challenge\libs\cryptopp\zdeflate.cpp">
      <Filter>Source Files</Filter>
    </ClCompile>
    <ClCompile Include="C:\dev\ttt\The-Modern-Cpp-Challenge\libs\cryptopp\zinflate.cpp">
      <Filter>Source Files</Filter>
    </ClCompile>
    <ClCompile Include="C:\dev\ttt\The-Modern-Cpp-Challenge\libs\cryptopp\zlib.cpp">
      <Filter>Source Files</Filter>
    </ClCompile>
  </ItemGroup>
  <ItemGroup>
    <ClInclude Include="C:\dev\ttt\The-Modern-Cpp-Challenge\libs\cryptopp\3way.h">
      <Filter>Header Files</Filter>
    </ClInclude>
    <ClInclude Include="C:\dev\ttt\The-Modern-Cpp-Challenge\libs\cryptopp\adler32.h">
      <Filter>Header Files</Filter>
    </ClInclude>
    <ClInclude Include="C:\dev\ttt\The-Modern-Cpp-Challenge\libs\cryptopp\adv-simd.h">
      <Filter>Header Files</Filter>
    </ClInclude>
    <ClInclude Include="C:\dev\ttt\The-Modern-Cpp-Challenge\libs\cryptopp\aes.h">
      <Filter>Header Files</Filter>
    </ClInclude>
    <ClInclude Include="C:\dev\ttt\The-Modern-Cpp-Challenge\libs\cryptopp\algebra.h">
      <Filter>Header Files</Filter>
    </ClInclude>
    <ClInclude Include="C:\dev\ttt\The-Modern-Cpp-Challenge\libs\cryptopp\algparam.h">
      <Filter>Header Files</Filter>
    </ClInclude>
    <ClInclude Include="C:\dev\ttt\The-Modern-Cpp-Challenge\libs\cryptopp\arc4.h">
      <Filter>Header Files</Filter>
    </ClInclude>
    <ClInclude Include="C:\dev\ttt\The-Modern-Cpp-Challenge\libs\cryptopp\argnames.h">
      <Filter>Header Files</Filter>
    </ClInclude>
    <ClInclude Include="C:\dev\ttt\The-Modern-Cpp-Challenge\libs\cryptopp\aria.h">
      <Filter>Header Files</Filter>
    </ClInclude>
    <ClInclude Include="C:\dev\ttt\The-Modern-Cpp-Challenge\libs\cryptopp\asn.h">
      <Filter>Header Files</Filter>
    </ClInclude>
    <ClInclude Include="C:\dev\ttt\The-Modern-Cpp-Challenge\libs\cryptopp\authenc.h">
      <Filter>Header Files</Filter>
    </ClInclude>
    <ClInclude Include="C:\dev\ttt\The-Modern-Cpp-Challenge\libs\cryptopp\base32.h">
      <Filter>Header Files</Filter>
    </ClInclude>
    <ClInclude Include="C:\dev\ttt\The-Modern-Cpp-Challenge\libs\cryptopp\base64.h">
      <Filter>Header Files</Filter>
    </ClInclude>
    <ClInclude Include="C:\dev\ttt\The-Modern-Cpp-Challenge\libs\cryptopp\basecode.h">
      <Filter>Header Files</Filter>
    </ClInclude>
    <ClInclude Include="C:\dev\ttt\The-Modern-Cpp-Challenge\libs\cryptopp\bench.h">
      <Filter>Header Files</Filter>
    </ClInclude>
    <ClInclude Include="C:\dev\ttt\The-Modern-Cpp-Challenge\libs\cryptopp\blake2.h">
      <Filter>Header Files</Filter>
    </ClInclude>
    <ClInclude Include="C:\dev\ttt\The-Modern-Cpp-Challenge\libs\cryptopp\blowfish.h">
      <Filter>Header Files</Filter>
    </ClInclude>
    <ClInclude Include="C:\dev\ttt\The-Modern-Cpp-Challenge\libs\cryptopp\blumshub.h">
      <Filter>Header Files</Filter>
    </ClInclude>
    <ClInclude Include="C:\dev\ttt\The-Modern-Cpp-Challenge\libs\cryptopp\camellia.h">
      <Filter>Header Files</Filter>
    </ClInclude>
    <ClInclude Include="C:\dev\ttt\The-Modern-Cpp-Challenge\libs\cryptopp\cast.h">
      <Filter>Header Files</Filter>
    </ClInclude>
    <ClInclude Include="C:\dev\ttt\The-Modern-Cpp-Challenge\libs\cryptopp\cbcmac.h">
      <Filter>Header Files</Filter>
    </ClInclude>
    <ClInclude Include="C:\dev\ttt\The-Modern-Cpp-Challenge\libs\cryptopp\ccm.h">
      <Filter>Header Files</Filter>
    </ClInclude>
    <ClInclude Include="C:\dev\ttt\The-Modern-Cpp-Challenge\libs\cryptopp\chacha.h">
      <Filter>Header Files</Filter>
    </ClInclude>
    <ClInclude Include="C:\dev\ttt\The-Modern-Cpp-Challenge\libs\cryptopp\channels.h">
      <Filter>Header Files</Filter>
    </ClInclude>
    <ClInclude Include="C:\dev\ttt\The-Modern-Cpp-Challenge\libs\cryptopp\cmac.h">
      <Filter>Header Files</Filter>
    </ClInclude>
    <ClInclude Include="C:\dev\ttt\The-Modern-Cpp-Challenge\libs\cryptopp\config.h">
      <Filter>Header Files</Filter>
    </ClInclude>
    <ClInclude Include="C:\dev\ttt\The-Modern-Cpp-Challenge\libs\cryptopp\cpu.h">
      <Filter>Header Files</Filter>
    </ClInclude>
    <ClInclude Include="C:\dev\ttt\The-Modern-Cpp-Challenge\libs\cryptopp\crc.h">
      <Filter>Header Files</Filter>
    </ClInclude>
    <ClInclude Include="C:\dev\ttt\The-Modern-Cpp-Challenge\libs\cryptopp\cryptlib.h">
      <Filter>Header Files</Filter>
    </ClInclude>
    <ClInclude Include="C:\dev\ttt\The-Modern-Cpp-Challenge\libs\cryptopp\default.h">
      <Filter>Header Files</Filter>
    </ClInclude>
    <ClInclude Include="C:\dev\ttt\The-Modern-Cpp-Challenge\libs\cryptopp\des.h">
      <Filter>Header Files</Filter>
    </ClInclude>
    <ClInclude Include="C:\dev\ttt\The-Modern-Cpp-Challenge\libs\cryptopp\dh.h">
      <Filter>Header Files</Filter>
    </ClInclude>
    <ClInclude Include="C:\dev\ttt\The-Modern-Cpp-Challenge\libs\cryptopp\dh2.h">
      <Filter>Header Files</Filter>
    </ClInclude>
    <ClInclude Include="C:\dev\ttt\The-Modern-Cpp-Challenge\libs\cryptopp\dll.h">
      <Filter>Header Files</Filter>
    </ClInclude>
    <ClInclude Include="C:\dev\ttt\The-Modern-Cpp-Challenge\libs\cryptopp\dmac.h">
      <Filter>Header Files</Filter>
    </ClInclude>
    <ClInclude Include="C:\dev\ttt\The-Modern-Cpp-Challenge\libs\cryptopp\drbg.h">
      <Filter>Header Files</Filter>
    </ClInclude>
    <ClInclude Include="C:\dev\ttt\The-Modern-Cpp-Challenge\libs\cryptopp\dsa.h">
      <Filter>Header Files</Filter>
    </ClInclude>
    <ClInclude Include="C:\dev\ttt\The-Modern-Cpp-Challenge\libs\cryptopp\eax.h">
      <Filter>Header Files</Filter>
    </ClInclude>
    <ClInclude Include="C:\dev\ttt\The-Modern-Cpp-Challenge\libs\cryptopp\ec2n.h">
      <Filter>Header Files</Filter>
    </ClInclude>
    <ClInclude Include="C:\dev\ttt\The-Modern-Cpp-Challenge\libs\cryptopp\eccrypto.h">
      <Filter>Header Files</Filter>
    </ClInclude>
    <ClInclude Include="C:\dev\ttt\The-Modern-Cpp-Challenge\libs\cryptopp\ecp.h">
      <Filter>Header Files</Filter>
    </ClInclude>
    <ClInclude Include="C:\dev\ttt\The-Modern-Cpp-Challenge\libs\cryptopp\ecpoint.h">
      <Filter>Header Files</Filter>
    </ClInclude>
    <ClInclude Include="C:\dev\ttt\The-Modern-Cpp-Challenge\libs\cryptopp\elgamal.h">
      <Filter>Header Files</Filter>
    </ClInclude>
    <ClInclude Include="C:\dev\ttt\The-Modern-Cpp-Challenge\libs\cryptopp\emsa2.h">
      <Filter>Header Files</Filter>
    </ClInclude>
    <ClInclude Include="C:\dev\ttt\The-Modern-Cpp-Challenge\libs\cryptopp\eprecomp.h">
      <Filter>Header Files</Filter>
    </ClInclude>
    <ClInclude Include="C:\dev\ttt\The-Modern-Cpp-Challenge\libs\cryptopp\esign.h">
      <Filter>Header Files</Filter>
    </ClInclude>
    <ClInclude Include="C:\dev\ttt\The-Modern-Cpp-Challenge\libs\cryptopp\factory.h">
      <Filter>Header Files</Filter>
    </ClInclude>
    <ClInclude Include="C:\dev\ttt\The-Modern-Cpp-Challenge\libs\cryptopp\fhmqv.h">
      <Filter>Header Files</Filter>
    </ClInclude>
    <ClInclude Include="C:\dev\ttt\The-Modern-Cpp-Challenge\libs\cryptopp\files.h">
      <Filter>Header Files</Filter>
    </ClInclude>
    <ClInclude Include="C:\dev\ttt\The-Modern-Cpp-Challenge\libs\cryptopp\filters.h">
      <Filter>Header Files</Filter>
    </ClInclude>
    <ClInclude Include="C:\dev\ttt\The-Modern-Cpp-Challenge\libs\cryptopp\fips140.h">
      <Filter>Header Files</Filter>
    </ClInclude>
    <ClInclude Include="C:\dev\ttt\The-Modern-Cpp-Challenge\libs\cryptopp\fltrimpl.h">
      <Filter>Header Files</Filter>
    </ClInclude>
    <ClInclude Include="C:\dev\ttt\The-Modern-Cpp-Challenge\libs\cryptopp\gcm.h">
      <Filter>Header Files</Filter>
    </ClInclude>
    <ClInclude Include="C:\dev\ttt\The-Modern-Cpp-Challenge\libs\cryptopp\gf256.h">
      <Filter>Header Files</Filter>
    </ClInclude>
    <ClInclude Include="C:\dev\ttt\The-Modern-Cpp-Challenge\libs\cryptopp\gf2_32.h">
      <Filter>Header Files</Filter>
    </ClInclude>
    <ClInclude Include="C:\dev\ttt\The-Modern-Cpp-Challenge\libs\cryptopp\gf2n.h">
      <Filter>Header Files</Filter>
    </ClInclude>
    <ClInclude Include="C:\dev\ttt\The-Modern-Cpp-Challenge\libs\cryptopp\gfpcrypt.h">
      <Filter>Header Files</Filter>
    </ClInclude>
    <ClInclude Include="C:\dev\ttt\The-Modern-Cpp-Challenge\libs\cryptopp\gost.h">
      <Filter>Header Files</Filter>
    </ClInclude>
    <ClInclude Include="C:\dev\ttt\The-Modern-Cpp-Challenge\libs\cryptopp\gzip.h">
      <Filter>Header Files</Filter>
    </ClInclude>
    <ClInclude Include="C:\dev\ttt\The-Modern-Cpp-Challenge\libs\cryptopp\hashfwd.h">
      <Filter>Header Files</Filter>
    </ClInclude>
    <ClInclude Include="C:\dev\ttt\The-Modern-Cpp-Challenge\libs\cryptopp\hex.h">
      <Filter>Header Files</Filter>
    </ClInclude>
    <ClInclude Include="C:\dev\ttt\The-Modern-Cpp-Challenge\libs\cryptopp\hkdf.h">
      <Filter>Header Files</Filter>
    </ClInclude>
    <ClInclude Include="C:\dev\ttt\The-Modern-Cpp-Challenge\libs\cryptopp\hmac.h">
      <Filter>Header Files</Filter>
    </ClInclude>
    <ClInclude Include="C:\dev\ttt\The-Modern-Cpp-Challenge\libs\cryptopp\hmqv.h">
      <Filter>Header Files</Filter>
    </ClInclude>
    <ClInclude Include="C:\dev\ttt\The-Modern-Cpp-Challenge\libs\cryptopp\hrtimer.h">
      <Filter>Header Files</Filter>
    </ClInclude>
    <ClInclude Include="C:\dev\ttt\The-Modern-Cpp-Challenge\libs\cryptopp\ida.h">
      <Filter>Header Files</Filter>
    </ClInclude>
    <ClInclude Include="C:\dev\ttt\The-Modern-Cpp-Challenge\libs\cryptopp\idea.h">
      <Filter>Header Files</Filter>
    </ClInclude>
    <ClInclude Include="C:\dev\ttt\The-Modern-Cpp-Challenge\libs\cryptopp\integer.h">
      <Filter>Header Files</Filter>
    </ClInclude>
    <ClInclude Include="C:\dev\ttt\The-Modern-Cpp-Challenge\libs\cryptopp\iterhash.h">
      <Filter>Header Files</Filter>
    </ClInclude>
    <ClInclude Include="C:\dev\ttt\The-Modern-Cpp-Challenge\libs\cryptopp\kalyna.h">
      <Filter>Header Files</Filter>
    </ClInclude>
    <ClInclude Include="C:\dev\ttt\The-Modern-Cpp-Challenge\libs\cryptopp\keccak.h">
      <Filter>Header Files</Filter>
    </ClInclude>
    <ClInclude Include="C:\dev\ttt\The-Modern-Cpp-Challenge\libs\cryptopp\lubyrack.h">
      <Filter>Header Files</Filter>
    </ClInclude>
    <ClInclude Include="C:\dev\ttt\The-Modern-Cpp-Challenge\libs\cryptopp\luc.h">
      <Filter>Header Files</Filter>
    </ClInclude>
    <ClInclude Include="C:\dev\ttt\The-Modern-Cpp-Challenge\libs\cryptopp\mars.h">
      <Filter>Header Files</Filter>
    </ClInclude>
    <ClInclude Include="C:\dev\ttt\The-Modern-Cpp-Challenge\libs\cryptopp\md2.h">
      <Filter>Header Files</Filter>
    </ClInclude>
    <ClInclude Include="C:\dev\ttt\The-Modern-Cpp-Challenge\libs\cryptopp\md4.h">
      <Filter>Header Files</Filter>
    </ClInclude>
    <ClInclude Include="C:\dev\ttt\The-Modern-Cpp-Challenge\libs\cryptopp\md5.h">
      <Filter>Header Files</Filter>
    </ClInclude>
    <ClInclude Include="C:\dev\ttt\The-Modern-Cpp-Challenge\libs\cryptopp\mdc.h">
      <Filter>Header Files</Filter>
    </ClInclude>
    <ClInclude Include="C:\dev\ttt\The-Modern-Cpp-Challenge\libs\cryptopp\mersenne.h">
      <Filter>Header Files</Filter>
    </ClInclude>
    <ClInclude Include="C:\dev\ttt\The-Modern-Cpp-Challenge\libs\cryptopp\misc.h">
      <Filter>Header Files</Filter>
    </ClInclude>
    <ClInclude Include="C:\dev\ttt\The-Modern-Cpp-Challenge\libs\cryptopp\modarith.h">
      <Filter>Header Files</Filter>
    </ClInclude>
    <ClInclude Include="C:\dev\ttt\The-Modern-Cpp-Challenge\libs\cryptopp\modes.h">
      <Filter>Header Files</Filter>
    </ClInclude>
    <ClInclude Include="C:\dev\ttt\The-Modern-Cpp-Challenge\libs\cryptopp\modexppc.h">
      <Filter>Header Files</Filter>
    </ClInclude>
    <ClInclude Include="C:\dev\ttt\The-Modern-Cpp-Challenge\libs\cryptopp\mqueue.h">
      <Filter>Header Files</Filter>
    </ClInclude>
    <ClInclude Include="C:\dev\ttt\The-Modern-Cpp-Challenge\libs\cryptopp\mqv.h">
      <Filter>Header Files</Filter>
    </ClInclude>
    <ClInclude Include="C:\dev\ttt\The-Modern-Cpp-Challenge\libs\cryptopp\naclite.h">
      <Filter>Header Files</Filter>
    </ClInclude>
    <ClInclude Include="C:\dev\ttt\The-Modern-Cpp-Challenge\libs\cryptopp\nbtheory.h">
      <Filter>Header Files</Filter>
    </ClInclude>
    <ClInclude Include="C:\dev\ttt\The-Modern-Cpp-Challenge\libs\cryptopp\network.h">
      <Filter>Header Files</Filter>
    </ClInclude>
    <ClInclude Include="C:\dev\ttt\The-Modern-Cpp-Challenge\libs\cryptopp\nr.h">
      <Filter>Header Files</Filter>
    </ClInclude>
    <ClInclude Include="C:\dev\ttt\The-Modern-Cpp-Challenge\libs\cryptopp\oaep.h">
      <Filter>Header Files</Filter>
    </ClInclude>
    <ClInclude Include="C:\dev\ttt\The-Modern-Cpp-Challenge\libs\cryptopp\oids.h">
      <Filter>Header Files</Filter>
    </ClInclude>
    <ClInclude Include="C:\dev\ttt\The-Modern-Cpp-Challenge\libs\cryptopp\osrng.h">
      <Filter>Header Files</Filter>
    </ClInclude>
    <ClInclude Include="C:\dev\ttt\The-Modern-Cpp-Challenge\libs\cryptopp\ossig.h">
      <Filter>Header Files</Filter>
    </ClInclude>
    <ClInclude Include="C:\dev\ttt\The-Modern-Cpp-Challenge\libs\cryptopp\padlkrng.h">
      <Filter>Header Files</Filter>
    </ClInclude>
    <ClInclude Include="C:\dev\ttt\The-Modern-Cpp-Challenge\libs\cryptopp\panama.h">
      <Filter>Header Files</Filter>
    </ClInclude>
    <ClInclude Include="C:\dev\ttt\The-Modern-Cpp-Challenge\libs\cryptopp\pch.h">
      <Filter>Header Files</Filter>
    </ClInclude>
    <ClInclude Include="C:\dev\ttt\The-Modern-Cpp-Challenge\libs\cryptopp\pkcspad.h">
      <Filter>Header Files</Filter>
    </ClInclude>
    <ClInclude Include="C:\dev\ttt\The-Modern-Cpp-Challenge\libs\cryptopp\poly1305.h">
      <Filter>Header Files</Filter>
    </ClInclude>
    <ClInclude Include="C:\dev\ttt\The-Modern-Cpp-Challenge\libs\cryptopp\polynomi.h">
      <Filter>Header Files</Filter>
    </ClInclude>
    <ClInclude Include="C:\dev\ttt\The-Modern-Cpp-Challenge\libs\cryptopp\ppc-simd.h">
      <Filter>Header Files</Filter>
    </ClInclude>
    <ClInclude Include="C:\dev\ttt\The-Modern-Cpp-Challenge\libs\cryptopp\pssr.h">
      <Filter>Header Files</Filter>
    </ClInclude>
    <ClInclude Include="C:\dev\ttt\The-Modern-Cpp-Challenge\libs\cryptopp\pubkey.h">
      <Filter>Header Files</Filter>
    </ClInclude>
    <ClInclude Include="C:\dev\ttt\The-Modern-Cpp-Challenge\libs\cryptopp\pwdbased.h">
      <Filter>Header Files</Filter>
    </ClInclude>
    <ClInclude Include="C:\dev\ttt\The-Modern-Cpp-Challenge\libs\cryptopp\queue.h">
      <Filter>Header Files</Filter>
    </ClInclude>
    <ClInclude Include="C:\dev\ttt\The-Modern-Cpp-Challenge\libs\cryptopp\rabin.h">
      <Filter>Header Files</Filter>
    </ClInclude>
    <ClInclude Include="C:\dev\ttt\The-Modern-Cpp-Challenge\libs\cryptopp\randpool.h">
      <Filter>Header Files</Filter>
    </ClInclude>
    <ClInclude Include="C:\dev\ttt\The-Modern-Cpp-Challenge\libs\cryptopp\rc2.h">
      <Filter>Header Files</Filter>
    </ClInclude>
    <ClInclude Include="C:\dev\ttt\The-Modern-Cpp-Challenge\libs\cryptopp\rc5.h">
      <Filter>Header Files</Filter>
    </ClInclude>
    <ClInclude Include="C:\dev\ttt\The-Modern-Cpp-Challenge\libs\cryptopp\rc6.h">
      <Filter>Header Files</Filter>
    </ClInclude>
    <ClInclude Include="C:\dev\ttt\The-Modern-Cpp-Challenge\libs\cryptopp\rdrand.h">
      <Filter>Header Files</Filter>
    </ClInclude>
    <ClInclude Include="C:\dev\ttt\The-Modern-Cpp-Challenge\libs\cryptopp\resource.h">
      <Filter>Header Files</Filter>
    </ClInclude>
    <ClInclude Include="C:\dev\ttt\The-Modern-Cpp-Challenge\libs\cryptopp\rijndael.h">
      <Filter>Header Files</Filter>
    </ClInclude>
    <ClInclude Include="C:\dev\ttt\The-Modern-Cpp-Challenge\libs\cryptopp\ripemd.h">
      <Filter>Header Files</Filter>
    </ClInclude>
    <ClInclude Include="C:\dev\ttt\The-Modern-Cpp-Challenge\libs\cryptopp\rng.h">
      <Filter>Header Files</Filter>
    </ClInclude>
    <ClInclude Include="C:\dev\ttt\The-Modern-Cpp-Challenge\libs\cryptopp\rsa.h">
      <Filter>Header Files</Filter>
    </ClInclude>
    <ClInclude Include="C:\dev\ttt\The-Modern-Cpp-Challenge\libs\cryptopp\rw.h">
      <Filter>Header Files</Filter>
    </ClInclude>
    <ClInclude Include="C:\dev\ttt\The-Modern-Cpp-Challenge\libs\cryptopp\safer.h">
      <Filter>Header Files</Filter>
    </ClInclude>
    <ClInclude Include="C:\dev\ttt\The-Modern-Cpp-Challenge\libs\cryptopp\salsa.h">
      <Filter>Header Files</Filter>
    </ClInclude>
    <ClInclude Include="C:\dev\ttt\The-Modern-Cpp-Challenge\libs\cryptopp\seal.h">
      <Filter>Header Files</Filter>
    </ClInclude>
    <ClInclude Include="C:\dev\ttt\The-Modern-Cpp-Challenge\libs\cryptopp\secblock.h">
      <Filter>Header Files</Filter>
    </ClInclude>
    <ClInclude Include="C:\dev\ttt\The-Modern-Cpp-Challenge\libs\cryptopp\seckey.h">
      <Filter>Header Files</Filter>
    </ClInclude>
    <ClInclude Include="C:\dev\ttt\The-Modern-Cpp-Challenge\libs\cryptopp\seed.h">
      <Filter>Header Files</Filter>
    </ClInclude>
    <ClInclude Include="C:\dev\ttt\The-Modern-Cpp-Challenge\libs\cryptopp\serpent.h">
      <Filter>Header Files</Filter>
    </ClInclude>
    <ClInclude Include="C:\dev\ttt\The-Modern-Cpp-Challenge\libs\cryptopp\serpentp.h">
      <Filter>Header Files</Filter>
    </ClInclude>
    <ClInclude Include="C:\dev\ttt\The-Modern-Cpp-Challenge\libs\cryptopp\sha.h">
      <Filter>Header Files</Filter>
    </ClInclude>
    <ClInclude Include="C:\dev\ttt\The-Modern-Cpp-Challenge\libs\cryptopp\sha3.h">
      <Filter>Header Files</Filter>
    </ClInclude>
    <ClInclude Include="C:\dev\ttt\The-Modern-Cpp-Challenge\libs\cryptopp\shacal2.h">
      <Filter>Header Files</Filter>
    </ClInclude>
    <ClInclude Include="C:\dev\ttt\The-Modern-Cpp-Challenge\libs\cryptopp\shark.h">
      <Filter>Header Files</Filter>
    </ClInclude>
    <ClInclude Include="C:\dev\ttt\The-Modern-Cpp-Challenge\libs\cryptopp\simon.h">
      <Filter>Header Files</Filter>
    </ClInclude>
    <ClInclude Include="C:\dev\ttt\The-Modern-Cpp-Challenge\libs\cryptopp\simple.h">
      <Filter>Header Files</Filter>
    </ClInclude>
    <ClInclude Include="C:\dev\ttt\The-Modern-Cpp-Challenge\libs\cryptopp\siphash.h">
      <Filter>Header Files</Filter>
    </ClInclude>
    <ClInclude Include="C:\dev\ttt\The-Modern-Cpp-Challenge\libs\cryptopp\skipjack.h">
      <Filter>Header Files</Filter>
    </ClInclude>
    <ClInclude Include="C:\dev\ttt\The-Modern-Cpp-Challenge\libs\cryptopp\sm3.h">
      <Filter>Header Files</Filter>
    </ClInclude>
    <ClInclude Include="C:\dev\ttt\The-Modern-Cpp-Challenge\libs\cryptopp\sm4.h">
      <Filter>Header Files</Filter>
    </ClInclude>
    <ClInclude Include="C:\dev\ttt\The-Modern-Cpp-Challenge\libs\cryptopp\smartptr.h">
      <Filter>Header Files</Filter>
    </ClInclude>
    <ClInclude Include="C:\dev\ttt\The-Modern-Cpp-Challenge\libs\cryptopp\socketft.h">
      <Filter>Header Files</Filter>
    </ClInclude>
    <ClInclude Include="C:\dev\ttt\The-Modern-Cpp-Challenge\libs\cryptopp\sosemanuk.h">
      <Filter>Header Files</Filter>
    </ClInclude>
    <ClInclude Include="C:\dev\ttt\The-Modern-Cpp-Challenge\libs\cryptopp\speck.h">
      <Filter>Header Files</Filter>
    </ClInclude>
    <ClInclude Include="C:\dev\ttt\The-Modern-Cpp-Challenge\libs\cryptopp\square.h">
      <Filter>Header Files</Filter>
    </ClInclude>
    <ClInclude Include="C:\dev\ttt\The-Modern-Cpp-Challenge\libs\cryptopp\stdcpp.h">
      <Filter>Header Files</Filter>
    </ClInclude>
    <ClInclude Include="C:\dev\ttt\The-Modern-Cpp-Challenge\libs\cryptopp\strciphr.h">
      <Filter>Header Files</Filter>
    </ClInclude>
    <ClInclude Include="C:\dev\ttt\The-Modern-Cpp-Challenge\libs\cryptopp\tea.h">
      <Filter>Header Files</Filter>
    </ClInclude>
    <ClInclude Include="C:\dev\ttt\The-Modern-Cpp-Challenge\libs\cryptopp\threefish.h">
      <Filter>Header Files</Filter>
    </ClInclude>
    <ClInclude Include="C:\dev\ttt\The-Modern-Cpp-Challenge\libs\cryptopp\tiger.h">
      <Filter>Header Files</Filter>
    </ClInclude>
    <ClInclude Include="C:\dev\ttt\The-Modern-Cpp-Challenge\libs\cryptopp\trap.h">
      <Filter>Header Files</Filter>
    </ClInclude>
    <ClInclude Include="C:\dev\ttt\The-Modern-Cpp-Challenge\libs\cryptopp\trdlocal.h">
      <Filter>Header Files</Filter>
    </ClInclude>
    <ClInclude Include="C:\dev\ttt\The-Modern-Cpp-Challenge\libs\cryptopp\trunhash.h">
      <Filter>Header Files</Filter>
    </ClInclude>
    <ClInclude Include="C:\dev\ttt\The-Modern-Cpp-Challenge\libs\cryptopp\ttmac.h">
      <Filter>Header Files</Filter>
    </ClInclude>
    <ClInclude Include="C:\dev\ttt\The-Modern-Cpp-Challenge\libs\cryptopp\tweetnacl.h">
      <Filter>Header Files</Filter>
    </ClInclude>
    <ClInclude Include="C:\dev\ttt\The-Modern-Cpp-Challenge\libs\cryptopp\twofish.h">
      <Filter>Header Files</Filter>
    </ClInclude>
    <ClInclude Include="C:\dev\ttt\The-Modern-Cpp-Challenge\libs\cryptopp\validate.h">
      <Filter>Header Files</Filter>
    </ClInclude>
    <ClInclude Include="C:\dev\ttt\The-Modern-Cpp-Challenge\libs\cryptopp\vmac.h">
      <Filter>Header Files</Filter>
    </ClInclude>
    <ClInclude Include="C:\dev\ttt\The-Modern-Cpp-Challenge\libs\cryptopp\wait.h">
      <Filter>Header Files</Filter>
    </ClInclude>
    <ClInclude Include="C:\dev\ttt\The-Modern-Cpp-Challenge\libs\cryptopp\wake.h">
      <Filter>Header Files</Filter>
    </ClInclude>
    <ClInclude Include="C:\dev\ttt\The-Modern-Cpp-Challenge\libs\cryptopp\whrlpool.h">
      <Filter>Header Files</Filter>
    </ClInclude>
    <ClInclude Include="C:\dev\ttt\The-Modern-Cpp-Challenge\libs\cryptopp\winpipes.h">
      <Filter>Header Files</Filter>
    </ClInclude>
    <ClInclude Include="C:\dev\ttt\The-Modern-Cpp-Challenge\libs\cryptopp\words.h">
      <Filter>Header Files</Filter>
    </ClInclude>
    <ClInclude Include="C:\dev\ttt\The-Modern-Cpp-Challenge\libs\cryptopp\xtr.h">
      <Filter>Header Files</Filter>
    </ClInclude>
    <ClInclude Include="C:\dev\ttt\The-Modern-Cpp-Challenge\libs\cryptopp\xtrcrypt.h">
      <Filter>Header Files</Filter>
    </ClInclude>
    <ClInclude Include="C:\dev\ttt\The-Modern-Cpp-Challenge\libs\cryptopp\zdeflate.h">
      <Filter>Header Files</Filter>
    </ClInclude>
    <ClInclude Include="C:\dev\ttt\The-Modern-Cpp-Challenge\libs\cryptopp\zinflate.h">
      <Filter>Header Files</Filter>
    </ClInclude>
    <ClInclude Include="C:\dev\ttt\The-Modern-Cpp-Challenge\libs\cryptopp\zlib.h">
      <Filter>Header Files</Filter>
    </ClInclude>
  </ItemGroup>
  <ItemGroup>
    <CustomBuild Include="C:\dev\ttt\The-Modern-Cpp-Challenge\libs\cryptopp\CMakeLists.txt" />
  </ItemGroup>
  <ItemGroup>
    <Filter Include="Header Files">
      <UniqueIdentifier>{DF76371D-83DE-303E-AF6D-8205CF60FF7D}</UniqueIdentifier>
    </Filter>
    <Filter Include="Source Files">
      <UniqueIdentifier>{3CCE3BC7-B66C-3A37-8B2C-2EF5B3FEE07B}</UniqueIdentifier>
    </Filter>
  </ItemGroup>
</Project>
