Microsoft Visual Studio Solution File, Format Version 12.00
# Visual Studio 15
Project("{2150E333-8FDC-42A3-9474-1A3956D46DE8}") = "08.DesignPatterns", "08.DesignPatterns", "{C668FE42-07C2-3264-AEEE-9C415179CC5B}"
EndProject
Project("{2150E333-8FDC-42A3-9474-1A3956D46DE8}") = "09.DataSerialization", "09.DataSerialization", "{3BD573C3-7DBC-3EA1-A5A5-FEE8B4DEFF23}"
EndProject
Project("{2150E333-8FDC-42A3-9474-1A3956D46DE8}") = "CMakePredefinedTargets", "CMakePredefinedTargets", "{745D1EF5-2C54-3F25-B2DA-96DB1FC5533C}"
EndProject
Project("{8BC9CEB8-8B4A-11D0-8D11-00A0C91BC942}") = "ALL_BUILD", "ALL_BUILD.vcxproj", "{E4B6E54F-461E-3FF8-8A2A-E2F7F253E0FE}"
	ProjectSection(ProjectDependencies) = postProject
		{DFA87B6F-CF3E-3DB6-A62B-643C01577C4D} = {DFA87B6F-CF3E-3DB6-A62B-643C01577C4D}
		{5EDB4B3F-6B7E-3F13-8225-0490A3C3467A} = {5EDB4B3F-6B7E-3F13-8225-0490A3C3467A}
		{43BAD3E9-A18A-3948-9422-559E8BAD293B} = {43BAD3E9-A18A-3948-9422-559E8BAD293B}
	EndProjectSection
EndProject
Project("{8BC9CEB8-8B4A-11D0-8D11-00A0C91BC942}") = "INSTALL", "INSTALL.vcxproj", "{EE6F2C7C-03EF-347C-9E21-F13FA8656454}"
	ProjectSection(ProjectDependencies) = postProject
		{E4B6E54F-461E-3FF8-8A2A-E2F7F253E0FE} = {E4B6E54F-461E-3FF8-8A2A-E2F7F253E0FE}
		{DFA87B6F-CF3E-3DB6-A62B-643C01577C4D} = {DFA87B6F-CF3E-3DB6-A62B-643C01577C4D}
	EndProjectSection
EndProject
Project("{8BC9CEB8-8B4A-11D0-8D11-00A0C91BC942}") = "ZERO_CHECK", "..\..\\ZERO_CHECK.vcxproj", "{DFA87B6F-CF3E-3DB6-A62B-643C01577C4D}"
	ProjectSection(ProjectDependencies) = postProject
	EndProjectSection
EndProject
Project("{8BC9CEB8-8B4A-11D0-8D11-00A0C91BC942}") = "problem_70", "problem_70.vcxproj", "{5EDB4B3F-6B7E-3F13-8225-0490A3C3467A}"
	ProjectSection(ProjectDependencies) = postProject
		{DFA87B6F-CF3E-3DB6-A62B-643C01577C4D} = {DFA87B6F-CF3E-3DB6-A62B-643C01577C4D}
	EndProjectSection
EndProject
Project("{8BC9CEB8-8B4A-11D0-8D11-00A0C91BC942}") = "problem_73", "..\..\Chapter09\problem_73\problem_73.vcxproj", "{43BAD3E9-A18A-3948-9422-559E8BAD293B}"
	ProjectSection(ProjectDependencies) = postProject
		{DFA87B6F-CF3E-3DB6-A62B-643C01577C4D} = {DFA87B6F-CF3E-3DB6-A62B-643C01577C4D}
	EndProjectSection
EndProject
Global
	GlobalSection(SolutionConfigurationPlatforms) = preSolution
		Debug|Win32 = Debug|Win32
		Release|Win32 = Release|Win32
		MinSizeRel|Win32 = MinSizeRel|Win32
		RelWithDebInfo|Win32 = RelWithDebInfo|Win32
	EndGlobalSection
	GlobalSection(ProjectConfigurationPlatforms) = postSolution
		{E4B6E54F-461E-3FF8-8A2A-E2F7F253E0FE}.Debug|Win32.ActiveCfg = Debug|Win32
		{E4B6E54F-461E-3FF8-8A2A-E2F7F253E0FE}.Debug|Win32.Build.0 = Debug|Win32
		{E4B6E54F-461E-3FF8-8A2A-E2F7F253E0FE}.Release|Win32.ActiveCfg = Release|Win32
		{E4B6E54F-461E-3FF8-8A2A-E2F7F253E0FE}.Release|Win32.Build.0 = Release|Win32
		{E4B6E54F-461E-3FF8-8A2A-E2F7F253E0FE}.MinSizeRel|Win32.ActiveCfg = MinSizeRel|Win32
		{E4B6E54F-461E-3FF8-8A2A-E2F7F253E0FE}.MinSizeRel|Win32.Build.0 = MinSizeRel|Win32
		{E4B6E54F-461E-3FF8-8A2A-E2F7F253E0FE}.RelWithDebInfo|Win32.ActiveCfg = RelWithDebInfo|Win32
		{E4B6E54F-461E-3FF8-8A2A-E2F7F253E0FE}.RelWithDebInfo|Win32.Build.0 = RelWithDebInfo|Win32
		{EE6F2C7C-03EF-347C-9E21-F13FA8656454}.Debug|Win32.ActiveCfg = Debug|Win32
		{EE6F2C7C-03EF-347C-9E21-F13FA8656454}.Release|Win32.ActiveCfg = Release|Win32
		{EE6F2C7C-03EF-347C-9E21-F13FA8656454}.MinSizeRel|Win32.ActiveCfg = MinSizeRel|Win32
		{EE6F2C7C-03EF-347C-9E21-F13FA8656454}.RelWithDebInfo|Win32.ActiveCfg = RelWithDebInfo|Win32
		{DFA87B6F-CF3E-3DB6-A62B-643C01577C4D}.Debug|Win32.ActiveCfg = Debug|Win32
		{DFA87B6F-CF3E-3DB6-A62B-643C01577C4D}.Debug|Win32.Build.0 = Debug|Win32
		{DFA87B6F-CF3E-3DB6-A62B-643C01577C4D}.Release|Win32.ActiveCfg = Release|Win32
		{DFA87B6F-CF3E-3DB6-A62B-643C01577C4D}.Release|Win32.Build.0 = Release|Win32
		{DFA87B6F-CF3E-3DB6-A62B-643C01577C4D}.MinSizeRel|Win32.ActiveCfg = MinSizeRel|Win32
		{DFA87B6F-CF3E-3DB6-A62B-643C01577C4D}.MinSizeRel|Win32.Build.0 = MinSizeRel|Win32
		{DFA87B6F-CF3E-3DB6-A62B-643C01577C4D}.RelWithDebInfo|Win32.ActiveCfg = RelWithDebInfo|Win32
		{DFA87B6F-CF3E-3DB6-A62B-643C01577C4D}.RelWithDebInfo|Win32.Build.0 = RelWithDebInfo|Win32
		{5EDB4B3F-6B7E-3F13-8225-0490A3C3467A}.Debug|Win32.ActiveCfg = Debug|Win32
		{5EDB4B3F-6B7E-3F13-8225-0490A3C3467A}.Debug|Win32.Build.0 = Debug|Win32
		{5EDB4B3F-6B7E-3F13-8225-0490A3C3467A}.Release|Win32.ActiveCfg = Release|Win32
		{5EDB4B3F-6B7E-3F13-8225-0490A3C3467A}.Release|Win32.Build.0 = Release|Win32
		{5EDB4B3F-6B7E-3F13-8225-0490A3C3467A}.MinSizeRel|Win32.ActiveCfg = MinSizeRel|Win32
		{5EDB4B3F-6B7E-3F13-8225-0490A3C3467A}.MinSizeRel|Win32.Build.0 = MinSizeRel|Win32
		{5EDB4B3F-6B7E-3F13-8225-0490A3C3467A}.RelWithDebInfo|Win32.ActiveCfg = RelWithDebInfo|Win32
		{5EDB4B3F-6B7E-3F13-8225-0490A3C3467A}.RelWithDebInfo|Win32.Build.0 = RelWithDebInfo|Win32
		{43BAD3E9-A18A-3948-9422-559E8BAD293B}.Debug|Win32.ActiveCfg = Debug|Win32
		{43BAD3E9-A18A-3948-9422-559E8BAD293B}.Debug|Win32.Build.0 = Debug|Win32
		{43BAD3E9-A18A-3948-9422-559E8BAD293B}.Release|Win32.ActiveCfg = Release|Win32
		{43BAD3E9-A18A-3948-9422-559E8BAD293B}.Release|Win32.Build.0 = Release|Win32
		{43BAD3E9-A18A-3948-9422-559E8BAD293B}.MinSizeRel|Win32.ActiveCfg = MinSizeRel|Win32
		{43BAD3E9-A18A-3948-9422-559E8BAD293B}.MinSizeRel|Win32.Build.0 = MinSizeRel|Win32
		{43BAD3E9-A18A-3948-9422-559E8BAD293B}.RelWithDebInfo|Win32.ActiveCfg = RelWithDebInfo|Win32
		{43BAD3E9-A18A-3948-9422-559E8BAD293B}.RelWithDebInfo|Win32.Build.0 = RelWithDebInfo|Win32
	EndGlobalSection
	GlobalSection(NestedProjects) = preSolution
		{5EDB4B3F-6B7E-3F13-8225-0490A3C3467A} = {C668FE42-07C2-3264-AEEE-9C415179CC5B}
		{43BAD3E9-A18A-3948-9422-559E8BAD293B} = {3BD573C3-7DBC-3EA1-A5A5-FEE8B4DEFF23}
		{E4B6E54F-461E-3FF8-8A2A-E2F7F253E0FE} = {745D1EF5-2C54-3F25-B2DA-96DB1FC5533C}
		{EE6F2C7C-03EF-347C-9E21-F13FA8656454} = {745D1EF5-2C54-3F25-B2DA-96DB1FC5533C}
		{DFA87B6F-CF3E-3DB6-A62B-643C01577C4D} = {745D1EF5-2C54-3F25-B2DA-96DB1FC5533C}
	EndGlobalSection
	GlobalSection(ExtensibilityGlobals) = postSolution
		SolutionGuid = {E7BC34B9-2448-3478-979D-FC94E8E3A7C3}
	EndGlobalSection
	GlobalSection(ExtensibilityAddIns) = postSolution
	EndGlobalSection
EndGlobal
