<?xml version="1.0" encoding="utf-8"?>
<Project ToolsVersion="15.0" xmlns="http://schemas.microsoft.com/developer/msbuild/2003">
  <ItemGroup>
    <CustomBuild Include="C:\dev\ttt\The-Modern-Cpp-Challenge\CMakeFiles\2d987d34a7c9af63f7a75357f5367b78\INSTALL_force.rule">
      <Filter>CMake Rules</Filter>
    </CustomBuild>
  </ItemGroup>
  <ItemGroup>
    <Filter Include="CMake Rules">
      <UniqueIdentifier>{28385F26-22CC-3875-862B-8BE00BFEFC87}</UniqueIdentifier>
    </Filter>
  </ItemGroup>
</Project>
